Microsoft Visual Studio Solution File, Format Version 12.00
# Visual Studio Version 17
VisualStudioVersion = 17.5.2.0
MinimumVisualStudioVersion = 10.0.40219.1
Project("{FAE04EC0-301F-11D3-BF4B-00C04F79EFBC}") = "Ritual21DeckChronicles", "Ritual21DeckChronicles.csproj", "{E34ED2DD-BF7E-E965-80AB-6E8368351D9C}"
EndProject
Global
	GlobalSection(SolutionConfigurationPlatforms) = preSolution
		Debug|Any CPU = Debug|Any CPU
		Release|Any CPU = Release|Any CPU
	EndGlobalSection
	GlobalSection(ProjectConfigurationPlatforms) = postSolution
		{E34ED2DD-BF7E-E965-80AB-6E8368351D9C}.Debug|Any CPU.ActiveCfg = Debug|Any CPU
		{E34ED2DD-BF7E-E965-80AB-6E8368351D9C}.Debug|Any CPU.Build.0 = Debug|Any CPU
		{E34ED2DD-BF7E-E965-80AB-6E8368351D9C}.Release|Any CPU.ActiveCfg = Release|Any CPU
		{E34ED2DD-BF7E-E965-80AB-6E8368351D9C}.Release|Any CPU.Build.0 = Release|Any CPU
	EndGlobalSection
	GlobalSection(SolutionProperties) = preSolution
		HideSolutionNode = FALSE
	EndGlobalSection
	GlobalSection(ExtensibilityGlobals) = postSolution
		SolutionGuid = {69CF6F84-6302-4189-B801-A5C6F4A28168}
	EndGlobalSection
EndGlobal
